// !$*UTF8*$!
{
	archiveVersion = 1;
	classes = {
	};
	objectVersion = 56;
	objects = {

/* Begin PBXBuildFile section */
		5240499A29D1E13C00461843 /* AppDelegate.swift in Sources */ = {isa = PBXBuildFile; fileRef = 5240499929D1E13C00461843 /* AppDelegate.swift */; };
		5240499C29D1E13C00461843 /* SceneDelegate.swift in Sources */ = {isa = PBXBuildFile; fileRef = 5240499B29D1E13C00461843 /* SceneDelegate.swift */; };
		5240499E29D1E13C00461843 /* ViewController.swift in Sources */ = {isa = PBXBuildFile; fileRef = 5240499D29D1E13C00461843 /* ViewController.swift */; };
		524049A129D1E13C00461843 /* Main.storyboard in Resources */ = {isa = PBXBuildFile; fileRef = 5240499F29D1E13C00461843 /* Main.storyboard */; };
		524049A329D1E13E00461843 /* Assets.xcassets in Resources */ = {isa = PBXBuildFile; fileRef = 524049A229D1E13E00461843 /* Assets.xcassets */; };
		524049A629D1E13E00461843 /* LaunchScreen.storyboard in Resources */ = {isa = PBXBuildFile; fileRef = 524049A429D1E13E00461843 /* LaunchScreen.storyboard */; };
		524049B129D1E13E00461843 /* NaviAppTests.swift in Sources */ = {isa = PBXBuildFile; fileRef = 524049B029D1E13E00461843 /* NaviAppTests.swift */; };
		524049BB29D1E13E00461843 /* NaviAppUITests.swift in Sources */ = {isa = PBXBuildFile; fileRef = 524049BA29D1E13E00461843 /* NaviAppUITests.swift */; };
		524049BD29D1E13E00461843 /* NaviAppUITestsLaunchTests.swift in Sources */ = {isa = PBXBuildFile; fileRef = 524049BC29D1E13E00461843 /* NaviAppUITestsLaunchTests.swift */; };
/* End PBXBuildFile section */

/* Begin PBXContainerItemProxy section */
		524049AD29D1E13E00461843 /* PBXContainerItemProxy */ = {
			isa = PBXContainerItemProxy;
			containerPortal = 5240498E29D1E13C00461843 /* Project object */;
			proxyType = 1;
			remoteGlobalIDString = 5240499529D1E13C00461843;
			remoteInfo = NaviApp;
		};
		524049B729D1E13E00461843 /* PBXContainerItemProxy */ = {
			isa = PBXContainerItemProxy;
			containerPortal = 5240498E29D1E13C00461843 /* Project object */;
			proxyType = 1;
			remoteGlobalIDString = 5240499529D1E13C00461843;
			remoteInfo = NaviApp;
		};
/* End PBXContainerItemProxy section */

/* Begin PBXFileReference section */
		5240499629D1E13C00461843 /* NaviApp.app */ = {isa = PBXFileReference; explicitFileType = wrapper.application; includeInIndex = 0; path = NaviApp.app; sourceTree = BUILT_PRODUCTS_DIR; };
		5240499929D1E13C00461843 /* AppDelegate.swift */ = {isa = PBXFileReference; lastKnownFileType = sourcecode.swift; path = AppDelegate.swift; sourceTree = "<group>"; };
		5240499B29D1E13C00461843 /* SceneDelegate.swift */ = {isa = PBXFileReference; lastKnownFileType = sourcecode.swift; path = SceneDelegate.swift; sourceTree = "<group>"; };
		5240499D29D1E13C00461843 /* ViewController.swift */ = {isa = PBXFileReference; lastKnownFileType = sourcecode.swift; path = ViewController.swift; sourceTree = "<group>"; };
		524049A029D1E13C00461843 /* Base */ = {isa = PBXFileReference; lastKnownFileType = file.storyboard; name = Base; path = Base.lproj/Main.storyboard; sourceTree = "<group>"; };
		524049A229D1E13E00461843 /* Assets.xcassets */ = {isa = PBXFileReference; lastKnownFileType = folder.assetcatalog; path = Assets.xcassets; sourceTree = "<group>"; };
		524049A529D1E13E00461843 /* Base */ = {isa = PBXFileReference; lastKnownFileType = file.storyboard; name = Base; path = Base.lproj/LaunchScreen.storyboard; sourceTree = "<group>"; };
		524049A729D1E13E00461843 /* Info.plist */ = {isa = PBXFileReference; lastKnownFileType = text.plist.xml; path = Info.plist; sourceTree = "<group>"; };
		524049AC29D1E13E00461843 /* NaviAppTests.xctest */ = {isa = PBXFileReference; explicitFileType = wrapper.cfbundle; includeInIndex = 0; path = NaviAppTests.xctest; sourceTree = BUILT_PRODUCTS_DIR; };
		524049B029D1E13E00461843 /* NaviAppTests.swift */ = {isa = PBXFileReference; lastKnownFileType = sourcecode.swift; path = NaviAppTests.swift; sourceTree = "<group>"; };
		524049B629D1E13E00461843 /* NaviAppUITests.xctest */ = {isa = PBXFileReference; explicitFileType = wrapper.cfbundle; includeInIndex = 0; path = NaviAppUITests.xctest; sourceTree = BUILT_PRODUCTS_DIR; };
		524049BA29D1E13E00461843 /* NaviAppUITests.swift */ = {isa = PBXFileReference; lastKnownFileType = sourcecode.swift; path = NaviAppUITests.swift; sourceTree = "<group>"; };
		524049BC29D1E13E00461843 /* NaviAppUITestsLaunchTests.swift */ = {isa = PBXFileReference; lastKnownFileType = sourcecode.swift; path = NaviAppUITestsLaunchTests.swift; sourceTree = "<group>"; };
/* End PBXFileReference section */

/* Begin PBXFrameworksBuildPhase section */
		5240499329D1E13C00461843 /* Frameworks */ = {
			isa = PBXFrameworksBuildPhase;
			buildActionMask = 2147483647;
			files = (
			);
			runOnlyForDeploymentPostprocessing = 0;
		};
		524049A929D1E13E00461843 /* Frameworks */ = {
			isa = PBXFrameworksBuildPhase;
			buildActionMask = 2147483647;
			files = (
			);
			runOnlyForDeploymentPostprocessing = 0;
		};
		524049B329D1E13E00461843 /* Frameworks */ = {
			isa = PBXFrameworksBuildPhase;
			buildActionMask = 2147483647;
			files = (
			);
			runOnlyForDeploymentPostprocessing = 0;
		};
/* End PBXFrameworksBuildPhase section */

/* Begin PBXGroup section */
		5240498D29D1E13C00461843 = {
			isa = PBXGroup;
			children = (
				5240499829D1E13C00461843 /* NaviApp */,
				524049AF29D1E13E00461843 /* NaviAppTests */,
				524049B929D1E13E00461843 /* NaviAppUITests */,
				5240499729D1E13C00461843 /* Products */,
			);
			sourceTree = "<group>";
		};
		5240499729D1E13C00461843 /* Products */ = {
			isa = PBXGroup;
			children = (
				5240499629D1E13C00461843 /* NaviApp.app */,
				524049AC29D1E13E00461843 /* NaviAppTests.xctest */,
				524049B629D1E13E00461843 /* NaviAppUITests.xctest */,
			);
			name = Products;
			sourceTree = "<group>";
		};
		5240499829D1E13C00461843 /* NaviApp */ = {
			isa = PBXGroup;
			children = (
				5240499929D1E13C00461843 /* AppDelegate.swift */,
				5240499B29D1E13C00461843 /* SceneDelegate.swift */,
				5240499D29D1E13C00461843 /* ViewController.swift */,
				5240499F29D1E13C00461843 /* Main.storyboard */,
				524049A229D1E13E00461843 /* Assets.xcassets */,
				524049A429D1E13E00461843 /* LaunchScreen.storyboard */,
				524049A729D1E13E00461843 /* Info.plist */,
			);
			path = NaviApp;
			sourceTree = "<group>";
		};
		524049AF29D1E13E00461843 /* NaviAppTests */ = {
			isa = PBXGroup;
			children = (
				524049B029D1E13E00461843 /* NaviAppTests.swift */,
			);
			path = NaviAppTests;
			sourceTree = "<group>";
		};
		524049B929D1E13E00461843 /* NaviAppUITests */ = {
			isa = PBXGroup;
			children = (
				524049BA29D1E13E00461843 /* NaviAppUITests.swift */,
				524049BC29D1E13E00461843 /* NaviAppUITestsLaunchTests.swift */,
			);
			path = NaviAppUITests;
			sourceTree = "<group>";
		};
/* End PBXGroup section */

/* Begin PBXNativeTarget section */
		5240499529D1E13C00461843 /* NaviApp */ = {
			isa = PBXNativeTarget;
			buildConfigurationList = 524049C029D1E13E00461843 /* Build configuration list for PBXNativeTarget "NaviApp" */;
			buildPhases = (
				5240499229D1E13C00461843 /* Sources */,
				5240499329D1E13C00461843 /* Frameworks */,
				5240499429D1E13C00461843 /* Resources */,
			);
			buildRules = (
			);
			dependencies = (
			);
			name = NaviApp;
			productName = NaviApp;
			productReference = 5240499629D1E13C00461843 /* NaviApp.app */;
			productType = "com.apple.product-type.application";
		};
		524049AB29D1E13E00461843 /* NaviAppTests */ = {
			isa = PBXNativeTarget;
			buildConfigurationList = 524049C329D1E13E00461843 /* Build configuration list for PBXNativeTarget "NaviAppTests" */;
			buildPhases = (
				524049A829D1E13E00461843 /* Sources */,
				524049A929D1E13E00461843 /* Frameworks */,
				524049AA29D1E13E00461843 /* Resources */,
			);
			buildRules = (
			);
			dependencies = (
				524049AE29D1E13E00461843 /* PBXTargetDependency */,
			);
			name = NaviAppTests;
			productName = NaviAppTests;
			productReference = 524049AC29D1E13E00461843 /* NaviAppTests.xctest */;
			productType = "com.apple.product-type.bundle.unit-test";
		};
		524049B529D1E13E00461843 /* NaviAppUITests */ = {
			isa = PBXNativeTarget;
			buildConfigurationList = 524049C629D1E13E00461843 /* Build configuration list for PBXNativeTarget "NaviAppUITests" */;
			buildPhases = (
				524049B229D1E13E00461843 /* Sources */,
				524049B329D1E13E00461843 /* Frameworks */,
				524049B429D1E13E00461843 /* Resources */,
			);
			buildRules = (
			);
			dependencies = (
				524049B829D1E13E00461843 /* PBXTargetDependency */,
			);
			name = NaviAppUITests;
			productName = NaviAppUITests;
			productReference = 524049B629D1E13E00461843 /* NaviAppUITests.xctest */;
			productType = "com.apple.product-type.bundle.ui-testing";
		};
/* End PBXNativeTarget section */

/* Begin PBXProject section */
		5240498E29D1E13C00461843 /* Project object */ = {
			isa = PBXProject;
			attributes = {
				BuildIndependentTargetsInParallel = 1;
				LastSwiftUpdateCheck = 1420;
				LastUpgradeCheck = 1420;
				TargetAttributes = {
					5240499529D1E13C00461843 = {
						CreatedOnToolsVersion = 14.2;
					};
					524049AB29D1E13E00461843 = {
						CreatedOnToolsVersion = 14.2;
						TestTargetID = 5240499529D1E13C00461843;
					};
					524049B529D1E13E00461843 = {
						CreatedOnToolsVersion = 14.2;
						TestTargetID = 5240499529D1E13C00461843;
					};
				};
			};
			buildConfigurationList = 5240499129D1E13C00461843 /* Build configuration list for PBXProject "NaviApp" */;
			compatibilityVersion = "Xcode 14.0";
			developmentRegion = en;
			hasScannedForEncodings = 0;
			knownRegions = (
				en,
				Base,
			);
			mainGroup = 5240498D29D1E13C00461843;
			productRefGroup = 5240499729D1E13C00461843 /* Products */;
			projectDirPath = "";
			projectRoot = "";
			targets = (
				5240499529D1E13C00461843 /* NaviApp */,
				524049AB29D1E13E00461843 /* NaviAppTests */,
				524049B529D1E13E00461843 /* NaviAppUITests */,
			);
		};
/* End PBXProject section */

/* Begin PBXResourcesBuildPhase section */
		5240499429D1E13C00461843 /* Resources */ = {
			isa = PBXResourcesBuildPhase;
			buildActionMask = 2147483647;
			files = (
				524049A629D1E13E00461843 /* LaunchScreen.storyboard in Resources */,
				524049A329D1E13E00461843 /* Assets.xcassets in Resources */,
				524049A129D1E13C00461843 /* Main.storyboard in Resources */,
			);
			runOnlyForDeploymentPostprocessing = 0;
		};
		524049AA29D1E13E00461843 /* Resources */ = {
			isa = PBXResourcesBuildPhase;
			buildActionMask = 2147483647;
			files = (
			);
			runOnlyForDeploymentPostprocessing = 0;
		};
		524049B429D1E13E00461843 /* Resources */ = {
			isa = PBXResourcesBuildPhase;
			buildActionMask = 2147483647;
			files = (
			);
			runOnlyForDeploymentPostprocessing = 0;
		};
/* End PBXResourcesBuildPhase section */

/* Begin PBXSourcesBuildPhase section */
		5240499229D1E13C00461843 /* Sources */ = {
			isa = PBXSourcesBuildPhase;
			buildActionMask = 2147483647;
			files = (
				5240499E29D1E13C00461843 /* ViewController.swift in Sources */,
				5240499A29D1E13C00461843 /* AppDelegate.swift in Sources */,
				5240499C29D1E13C00461843 /* SceneDelegate.swift in Sources */,
			);
			runOnlyForDeploymentPostprocessing = 0;
		};
		524049A829D1E13E00461843 /* Sources */ = {
			isa = PBXSourcesBuildPhase;
			buildActionMask = 2147483647;
			files = (
				524049B129D1E13E00461843 /* NaviAppTests.swift in Sources */,
			);
			runOnlyForDeploymentPostprocessing = 0;
		};
		524049B229D1E13E00461843 /* Sources */ = {
			isa = PBXSourcesBuildPhase;
			buildActionMask = 2147483647;
			files = (
				524049BD29D1E13E00461843 /* NaviAppUITestsLaunchTests.swift in Sources */,
				524049BB29D1E13E00461843 /* NaviAppUITests.swift in Sources */,
			);
			runOnlyForDeploymentPostprocessing = 0;
		};
/* End PBXSourcesBuildPhase section */

/* Begin PBXTargetDependency section */
		524049AE29D1E13E00461843 /* PBXTargetDependency */ = {
			isa = PBXTargetDependency;
			target = 5240499529D1E13C00461843 /* NaviApp */;
			targetProxy = 524049AD29D1E13E00461843 /* PBXContainerItemProxy */;
		};
		524049B829D1E13E00461843 /* PBXTargetDependency */ = {
			isa = PBXTargetDependency;
			target = 5240499529D1E13C00461843 /* NaviApp */;
			targetProxy = 524049B729D1E13E00461843 /* PBXContainerItemProxy */;
		};
/* End PBXTargetDependency section */

/* Begin PBXVariantGroup section */
		5240499F29D1E13C00461843 /* Main.storyboard */ = {
			isa = PBXVariantGroup;
			children = (
				524049A029D1E13C00461843 /* Base */,
			);
			name = Main.storyboard;
			sourceTree = "<group>";
		};
		524049A429D1E13E00461843 /* LaunchScreen.storyboard */ = {
			isa = PBXVariantGroup;
			children = (
				524049A529D1E13E00461843 /* Base */,
			);
			name = LaunchScreen.storyboard;
			sourceTree = "<group>";
		};
/* End PBXVariantGroup section */

/* Begin XCBuildConfiguration section */
		524049BE29D1E13E00461843 /* Debug */ = {
			isa = XCBuildConfiguration;
			buildSettings = {
				ALWAYS_SEARCH_USER_PATHS = NO;
				CLANG_ANALYZER_NONNULL = YES;
				CLANG_ANALYZER_NUMBER_OBJECT_CONVERSION = YES_AGGRESSIVE;
				CLANG_CXX_LANGUAGE_STANDARD = "gnu++20";
				CLANG_ENABLE_MODULES = YES;
				CLANG_ENABLE_OBJC_ARC = YES;
				CLANG_ENABLE_OBJC_WEAK = YES;
				CLANG_WARN_BLOCK_CAPTURE_AUTORELEASING = YES;
				CLANG_WARN_BOOL_CONVERSION = YES;
				CLANG_WARN_COMMA = YES;
				CLANG_WARN_CONSTANT_CONVERSION = YES;
				CLANG_WARN_DEPRECATED_OBJC_IMPLEMENTATIONS = YES;
				CLANG_WARN_DIRECT_OBJC_ISA_USAGE = YES_ERROR;
				CLANG_WARN_DOCUMENTATION_COMMENTS = YES;
				CLANG_WARN_EMPTY_BODY = YES;
				CLANG_WARN_ENUM_CONVERSION = YES;
				CLANG_WARN_INFINITE_RECURSION = YES;
				CLANG_WARN_INT_CONVERSION = YES;
				CLANG_WARN_NON_LITERAL_NULL_CONVERSION = YES;
				CLANG_WARN_OBJC_IMPLICIT_RETAIN_SELF = YES;
				CLANG_WARN_OBJC_LITERAL_CONVERSION = YES;
				CLANG_WARN_OBJC_ROOT_CLASS = YES_ERROR;
				CLANG_WARN_QUOTED_INCLUDE_IN_FRAMEWORK_HEADER = YES;
				CLANG_WARN_RANGE_LOOP_ANALYSIS = YES;
				CLANG_WARN_STRICT_PROTOTYPES = YES;
				CLANG_WARN_SUSPICIOUS_MOVE = YES;
				CLANG_WARN_UNGUARDED_AVAILABILITY = YES_AGGRESSIVE;
				CLANG_WARN_UNREACHABLE_CODE = YES;
				CLANG_WARN__DUPLICATE_METHOD_MATCH = YES;
				COPY_PHASE_STRIP = NO;
				DEBUG_INFORMATION_FORMAT = dwarf;
				ENABLE_STRICT_OBJC_MSGSEND = YES;
				ENABLE_TESTABILITY = YES;
				GCC_C_LANGUAGE_STANDARD = gnu11;
				GCC_DYNAMIC_NO_PIC = NO;
				GCC_NO_COMMON_BLOCKS = YES;
				GCC_OPTIMIZATION_LEVEL = 0;
				GCC_PREPROCESSOR_DEFINITIONS = (
					"DEBUG=1",
					"$(inherited)",
				);
				GCC_WARN_64_TO_32_BIT_CONVERSION = YES;
				GCC_WARN_ABOUT_RETURN_TYPE = YES_ERROR;
				GCC_WARN_UNDECLARED_SELECTOR = YES;
				GCC_WARN_UNINITIALIZED_AUTOS = YES_AGGRESSIVE;
				GCC_WARN_UNUSED_FUNCTION = YES;
				GCC_WARN_UNUSED_VARIABLE = YES;
				IPHONEOS_DEPLOYMENT_TARGET = 16.2;
				MTL_ENABLE_DEBUG_INFO = INCLUDE_SOURCE;
				MTL_FAST_MATH = YES;
				ONLY_ACTIVE_ARCH = YES;
				SDKROOT = iphoneos;
				SWIFT_ACTIVE_COMPILATION_CONDITIONS = DEBUG;
				SWIFT_OPTIMIZATION_LEVEL = "-Onone";
			};
			name = Debug;
		};
		524049BF29D1E13E00461843 /* Release */ = {
			isa = XCBuildConfiguration;
			buildSettings = {
				ALWAYS_SEARCH_USER_PATHS = NO;
				CLANG_ANALYZER_NONNULL = YES;
				CLANG_ANALYZER_NUMBER_OBJECT_CONVERSION = YES_AGGRESSIVE;
				CLANG_CXX_LANGUAGE_STANDARD = "gnu++20";
				CLANG_ENABLE_MODULES = YES;
				CLANG_ENABLE_OBJC_ARC = YES;
				CLANG_ENABLE_OBJC_WEAK = YES;
				CLANG_WARN_BLOCK_CAPTURE_AUTORELEASING = YES;
				CLANG_WARN_BOOL_CONVERSION = YES;
				CLANG_WARN_COMMA = YES;
				CLANG_WARN_CONSTANT_CONVERSION = YES;
				CLANG_WARN_DEPRECATED_OBJC_IMPLEMENTATIONS = YES;
				CLANG_WARN_DIRECT_OBJC_ISA_USAGE = YES_ERROR;
				CLANG_WARN_DOCUMENTATION_COMMENTS = YES;
				CLANG_WARN_EMPTY_BODY = YES;
				CLANG_WARN_ENUM_CONVERSION = YES;
				CLANG_WARN_INFINITE_RECURSION = YES;
				CLANG_WARN_INT_CONVERSION = YES;
				CLANG_WARN_NON_LITERAL_NULL_CONVERSION = YES;
				CLANG_WARN_OBJC_IMPLICIT_RETAIN_SELF = YES;
				CLANG_WARN_OBJC_LITERAL_CONVERSION = YES;
				CLANG_WARN_OBJC_ROOT_CLASS = YES_ERROR;
				CLANG_WARN_QUOTED_INCLUDE_IN_FRAMEWORK_HEADER = YES;
				CLANG_WARN_RANGE_LOOP_ANALYSIS = YES;
				CLANG_WARN_STRICT_PROTOTYPES = YES;
				CLANG_WARN_SUSPICIOUS_MOVE = YES;
				CLANG_WARN_UNGUARDED_AVAILABILITY = YES_AGGRESSIVE;
				CLANG_WARN_UNREACHABLE_CODE = YES;
				CLANG_WARN__DUPLICATE_METHOD_MATCH = YES;
				COPY_PHASE_STRIP = NO;
				DEBUG_INFORMATION_FORMAT = "dwarf-with-dsym";
				ENABLE_NS_ASSERTIONS = NO;
				ENABLE_STRICT_OBJC_MSGSEND = YES;
				GCC_C_LANGUAGE_STANDARD = gnu11;
				GCC_NO_COMMON_BLOCKS = YES;
				GCC_WARN_64_TO_32_BIT_CONVERSION = YES;
				GCC_WARN_ABOUT_RETURN_TYPE = YES_ERROR;
				GCC_WARN_UNDECLARED_SELECTOR = YES;
				GCC_WARN_UNINITIALIZED_AUTOS = YES_AGGRESSIVE;
				GCC_WARN_UNUSED_FUNCTION = YES;
				GCC_WARN_UNUSED_VARIABLE = YES;
				IPHONEOS_DEPLOYMENT_TARGET = 16.2;
				MTL_ENABLE_DEBUG_INFO = NO;
				MTL_FAST_MATH = YES;
				SDKROOT = iphoneos;
				SWIFT_COMPILATION_MODE = wholemodule;
				SWIFT_OPTIMIZATION_LEVEL = "-O";
				VALIDATE_PRODUCT = YES;
			};
			name = Release;
		};
		524049C129D1E13E00461843 /* Debug */ = {
			isa = XCBuildConfiguration;
			buildSettings = {
				ASSETCATALOG_COMPILER_APPICON_NAME = AppIcon;
				ASSETCATALOG_COMPILER_GLOBAL_ACCENT_COLOR_NAME = AccentColor;
				CODE_SIGN_STYLE = Automatic;
				CURRENT_PROJECT_VERSION = 1;
				GENERATE_INFOPLIST_FILE = YES;
				INFOPLIST_FILE = NaviApp/Info.plist;
				INFOPLIST_KEY_UIApplicationSupportsIndirectInputEvents = YES;
				INFOPLIST_KEY_UILaunchStoryboardName = LaunchScreen;
				INFOPLIST_KEY_UIMainStoryboardFile = Main;
				INFOPLIST_KEY_UISupportedInterfaceOrientations_iPad = "UIInterfaceOrientationPortrait UIInterfaceOrientationPortraitUpsideDown UIInterfaceOrientationLandscapeLeft UIInterfaceOrientationLandscapeRight";
				INFOPLIST_KEY_UISupportedInterfaceOrientations_iPhone = "UIInterfaceOrientationPortrait UIInterfaceOrientationLandscapeLeft UIInterfaceOrientationLandscapeRight";
				LD_RUNPATH_SEARCH_PATHS = (
					"$(inherited)",
					"@executable_path/Frameworks",
				);
				MARKETING_VERSION = 1.0;
				PRODUCT_BUNDLE_IDENTIFIER = Bhumi.NaviApp;
				PRODUCT_NAME = "$(TARGET_NAME)";
				SWIFT_EMIT_LOC_STRINGS = YES;
				SWIFT_VERSION = 5.0;
				TARGETED_DEVICE_FAMILY = "1,2";
			};
			name = Debug;
		};
		524049C229D1E13E00461843 /* Release */ = {
			isa = XCBuildConfiguration;
			buildSettings = {
				ASSETCATALOG_COMPILER_APPICON_NAME = AppIcon;
				ASSETCATALOG_COMPILER_GLOBAL_ACCENT_COLOR_NAME = AccentColor;
				CODE_SIGN_STYLE = Automatic;
				CURRENT_PROJECT_VERSION = 1;
				GENERATE_INFOPLIST_FILE = YES;
				INFOPLIST_FILE = NaviApp/Info.plist;
				INFOPLIST_KEY_UIApplicationSupportsIndirectInputEvents = YES;
				INFOPLIST_KEY_UILaunchStoryboardName = LaunchScreen;
				INFOPLIST_KEY_UIMainStoryboardFile = Main;
				INFOPLIST_KEY_UISupportedInterfaceOrientations_iPad = "UIInterfaceOrientationPortrait UIInterfaceOrientationPortraitUpsideDown UIInterfaceOrientationLandscapeLeft UIInterfaceOrientationLandscapeRight";
				INFOPLIST_KEY_UISupportedInterfaceOrientations_iPhone = "UIInterfaceOrientationPortrait UIInterfaceOrientationLandscapeLeft UIInterfaceOrientationLandscapeRight";
				LD_RUNPATH_SEARCH_PATHS = (
					"$(inherited)",
					"@executable_path/Frameworks",
				);
				MARKETING_VERSION = 1.0;
				PRODUCT_BUNDLE_IDENTIFIER = Bhumi.NaviApp;
				PRODUCT_NAME = "$(TARGET_NAME)";
				SWIFT_EMIT_LOC_STRINGS = YES;
				SWIFT_VERSION = 5.0;
				TARGETED_DEVICE_FAMILY = "1,2";
			};
			name = Release;
		};
		524049C429D1E13E00461843 /* Debug */ = {
			isa = XCBuildConfiguration;
			buildSettings = {
				ALWAYS_EMBED_SWIFT_STANDARD_LIBRARIES = YES;
				BUNDLE_LOADER = "$(TEST_HOST)";
				CODE_SIGN_STYLE = Automatic;
				CURRENT_PROJECT_VERSION = 1;
				GENERATE_INFOPLIST_FILE = YES;
				IPHONEOS_DEPLOYMENT_TARGET = 16.2;
				MARKETING_VERSION = 1.0;
				PRODUCT_BUNDLE_IDENTIFIER = Bhumi.NaviAppTests;
				PRODUCT_NAME = "$(TARGET_NAME)";
				SWIFT_EMIT_LOC_STRINGS = NO;
				SWIFT_VERSION = 5.0;
				TARGETED_DEVICE_FAMILY = "1,2";
				TEST_HOST = "$(BUILT_PRODUCTS_DIR)/NaviApp.app/$(BUNDLE_EXECUTABLE_FOLDER_PATH)/NaviApp";
			};
			name = Debug;
		};
		524049C529D1E13E00461843 /* Release */ = {
			isa = XCBuildConfiguration;
			buildSettings = {
				ALWAYS_EMBED_SWIFT_STANDARD_LIBRARIES = YES;
				BUNDLE_LOADER = "$(TEST_HOST)";
				CODE_SIGN_STYLE = Automatic;
				CURRENT_PROJECT_VERSION = 1;
				GENERATE_INFOPLIST_FILE = YES;
				IPHONEOS_DEPLOYMENT_TARGET = 16.2;
				MARKETING_VERSION = 1.0;
				PRODUCT_BUNDLE_IDENTIFIER = Bhumi.NaviAppTests;
				PRODUCT_NAME = "$(TARGET_NAME)";
				SWIFT_EMIT_LOC_STRINGS = NO;
				SWIFT_VERSION = 5.0;
				TARGETED_DEVICE_FAMILY = "1,2";
				TEST_HOST = "$(BUILT_PRODUCTS_DIR)/NaviApp.app/$(BUNDLE_EXECUTABLE_FOLDER_PATH)/NaviApp";
			};
			name = Release;
		};
		524049C729D1E13E00461843 /* Debug */ = {
			isa = XCBuildConfiguration;
			buildSettings = {
				ALWAYS_EMBED_SWIFT_STANDARD_LIBRARIES = YES;
				CODE_SIGN_STYLE = Automatic;
				CURRENT_PROJECT_VERSION = 1;
				GENERATE_INFOPLIST_FILE = YES;
				MARKETING_VERSION = 1.0;
				PRODUCT_BUNDLE_IDENTIFIER = Bhumi.NaviAppUITests;
				PRODUCT_NAME = "$(TARGET_NAME)";
				SWIFT_EMIT_LOC_STRINGS = NO;
				SWIFT_VERSION = 5.0;
				TARGETED_DEVICE_FAMILY = "1,2";
				TEST_TARGET_NAME = NaviApp;
			};
			name = Debug;
		};
		524049C829D1E13E00461843 /* Release */ = {
			isa = XCBuildConfiguration;
			buildSettings = {
				ALWAYS_EMBED_SWIFT_STANDARD_LIBRARIES = YES;
				CODE_SIGN_STYLE = Automatic;
				CURRENT_PROJECT_VERSION = 1;
				GENERATE_INFOPLIST_FILE = YES;
				MARKETING_VERSION = 1.0;
				PRODUCT_BUNDLE_IDENTIFIER = Bhumi.NaviAppUITests;
				PRODUCT_NAME = "$(TARGET_NAME)";
				SWIFT_EMIT_LOC_STRINGS = NO;
				SWIFT_VERSION = 5.0;
				TARGETED_DEVICE_FAMILY = "1,2";
				TEST_TARGET_NAME = NaviApp;
			};
			name = Release;
		};
/* End XCBuildConfiguration section */

/* Begin XCConfigurationList section */
		5240499129D1E13C00461843 /* Build configuration list for PBXProject "NaviApp" */ = {
			isa = XCConfigurationList;
			buildConfigurations = (
				524049BE29D1E13E00461843 /* Debug */,
				524049BF29D1E13E00461843 /* Release */,
			);
			defaultConfigurationIsVisible = 0;
			defaultConfigurationName = Release;
		};
		524049C029D1E13E00461843 /* Build configuration list for PBXNativeTarget "NaviApp" */ = {
			isa = XCConfigurationList;
			buildConfigurations = (
				524049C129D1E13E00461843 /* Debug */,
				524049C229D1E13E00461843 /* Release */,
			);
			defaultConfigurationIsVisible = 0;
			defaultConfigurationName = Release;
		};
		524049C329D1E13E00461843 /* Build configuration list for PBXNativeTarget "NaviAppTests" */ = {
			isa = XCConfigurationList;
			buildConfigurations = (
				524049C429D1E13E00461843 /* Debug */,
				524049C529D1E13E00461843 /* Release */,
			);
			defaultConfigurationIsVisible = 0;
			defaultConfigurationName = Release;
		};
		524049C629D1E13E00461843 /* Build configuration list for PBXNativeTarget "NaviAppUITests" */ = {
			isa = XCConfigurationList;
			buildConfigurations = (
				524049C729D1E13E00461843 /* Debug */,
				524049C829D1E13E00461843 /* Release */,
			);
			defaultConfigurationIsVisible = 0;
			defaultConfigurationName = Release;
		};
/* End XCConfigurationList section */
	};
	rootObject = 5240498E29D1E13C00461843 /* Project object */;
}
